<?xml version="1.0" encoding="utf-8"?>
<Project ToolsVersion="4.0" xmlns="http://schemas.microsoft.com/developer/msbuild/2003">
  <ItemGroup>
    <Filter Include="Source Files">
      <UniqueIdentifier>{4FC737F1-C7A5-4376-A066-2A32D752A2FF}</UniqueIdentifier>
      <Extensions>cpp;c;cc;cxx;def;odl;idl;hpj;bat;asm;asmx</Extensions>
    </Filter>
    <Filter Include="Header Files">
      <UniqueIdentifier>{93995380-89BD-4b04-88EB-625FBE52EBFB}</UniqueIdentifier>
      <Extensions>h;hh;hpp;hxx;hm;inl;inc;xsd</Extensions>
    </Filter>
    <Filter Include="Resource Files">
      <UniqueIdentifier>{67DA6AB6-F800-4c08-8B7A-83BB121AAD01}</UniqueIdentifier>
      <Extensions>rc;ico;cur;bmp;dlg;rc2;rct;bin;rgs;gif;jpg;jpeg;jpe;resx;tiff;tif;png;wav;mfcribbon-ms</Extensions>
    </Filter>
    <Filter Include="Header Files\tasks">
      <UniqueIdentifier>{e4edef49-1d85-4571-8ee0-f14c225f1f4c}</UniqueIdentifier>
    </Filter>
    <Filter Include="Source Files\tasks">
      <UniqueIdentifier>{bdef3269-3f58-4eea-a752-90cfbc6600a6}</UniqueIdentifier>
    </Filter>
    <Filter Include="Header Files\SerialPogramms">
      <UniqueIdentifier>{5f266035-0b5d-498d-a7ac-dc7bec8cb3ee}</UniqueIdentifier>
    </Filter>
    <Filter Include="Source Files\SerialPogramms">
      <UniqueIdentifier>{d7318f0d-2ee1-42f7-870f-66ec1a9bff66}</UniqueIdentifier>
    </Filter>
  </ItemGroup>
  <ItemGroup>
    <None Include="ArduinoMega_SerialInterface.ino" />
  </ItemGroup>
  <ItemGroup>
    <ClInclude Include="__vm\.ArduinoMega_SerialInterface.vsarduino.h">
      <Filter>Header Files</Filter>
    </ClInclude>
    <ClInclude Include="TaskCollection.h">
      <Filter>Header Files</Filter>
    </ClInclude>
    <ClInclude Include="fightingTasks.h">
      <Filter>Header Files\tasks</Filter>
    </ClInclude>
    <ClInclude Include="LifeLedTask.h">
      <Filter>Header Files\tasks</Filter>
    </ClInclude>
    <ClInclude Include="SerialTask.h">
      <Filter>Header Files\tasks</Filter>
    </ClInclude>
    <ClInclude Include="SerialPinManager.h">
      <Filter>Header Files\SerialPogramms</Filter>
    </ClInclude>
    <ClInclude Include="shiftPort.h">
      <Filter>Header Files</Filter>
    </ClInclude>
  </ItemGroup>
  <ItemGroup>
    <ClCompile Include="fightingTasks.cpp">
      <Filter>Source Files\tasks</Filter>
    </ClCompile>
    <ClCompile Include="LifeLedTask.cpp">
      <Filter>Source Files\tasks</Filter>
    </ClCompile>
    <ClCompile Include="SerialTask.cpp">
      <Filter>Source Files\tasks</Filter>
    </ClCompile>
    <ClCompile Include="SerialPinManager.cpp">
      <Filter>Source Files\SerialPogramms</Filter>
    </ClCompile>
    <ClCompile Include="shiftPort.cpp">
      <Filter>Source Files</Filter>
    </ClCompile>
  </ItemGroup>
</Project>